// !$*UTF8*$!
{
	archiveVersion = 1;
	classes = {
	};
	objectVersion = 56;
	objects = {

/* Begin PBXBuildFile section */
		1747B69E2C21A3C0009057D0 /* Gajeonggapsseo_iOSApp.swift in Sources */ = {isa = PBXBuildFile; fileRef = 1747B69D2C21A3C0009057D0 /* Gajeonggapsseo_iOSApp.swift */; };
		1747B6A22C21A3C1009057D0 /* Assets.xcassets in Resources */ = {isa = PBXBuildFile; fileRef = 1747B6A12C21A3C1009057D0 /* Assets.xcassets */; };
		1747B6A52C21A3C1009057D0 /* Preview Assets.xcassets in Resources */ = {isa = PBXBuildFile; fileRef = 1747B6A42C21A3C1009057D0 /* Preview Assets.xcassets */; };
		178ED90B2C24519A00EADD6D /* MapView.swift in Sources */ = {isa = PBXBuildFile; fileRef = 178ED90A2C24519A00EADD6D /* MapView.swift */; };
		178ED9162C24612100EADD6D /* ApiService.swift in Sources */ = {isa = PBXBuildFile; fileRef = 178ED9152C24612100EADD6D /* ApiService.swift */; };
		178ED9182C24624E00EADD6D /* JejuResponse.swift in Sources */ = {isa = PBXBuildFile; fileRef = 178ED9172C24624E00EADD6D /* JejuResponse.swift */; };
		178ED91A2C24627200EADD6D /* SeogwipoResponse.swift in Sources */ = {isa = PBXBuildFile; fileRef = 178ED9192C24627200EADD6D /* SeogwipoResponse.swift */; };
		178ED91C2C2462CC00EADD6D /* DataService.swift in Sources */ = {isa = PBXBuildFile; fileRef = 178ED91B2C2462CC00EADD6D /* DataService.swift */; };
		178ED91E2C24631B00EADD6D /* Center.swift in Sources */ = {isa = PBXBuildFile; fileRef = 178ED91D2C24631B00EADD6D /* Center.swift */; };
		178ED9212C24651A00EADD6D /* DataLoader.swift in Sources */ = {isa = PBXBuildFile; fileRef = 178ED9202C24651A00EADD6D /* DataLoader.swift */; };
		178ED9272C24719600EADD6D /* MapViewRepresentable.swift in Sources */ = {isa = PBXBuildFile; fileRef = 178ED9262C24719600EADD6D /* MapViewRepresentable.swift */; };
		178ED9292C248F6600EADD6D /* SeogwipoCleanHouse.json in Resources */ = {isa = PBXBuildFile; fileRef = 178ED9282C248F6600EADD6D /* SeogwipoCleanHouse.json */; };
		17B600742C2307D600F55BCB /* LocationManager.swift in Sources */ = {isa = PBXBuildFile; fileRef = 17B600732C2307D600F55BCB /* LocationManager.swift */; };
/* End PBXBuildFile section */

/* Begin PBXFileReference section */
		1747B69A2C21A3C0009057D0 /* Gajeonggapsseo-iOS.app */ = {isa = PBXFileReference; explicitFileType = wrapper.application; includeInIndex = 0; path = "Gajeonggapsseo-iOS.app"; sourceTree = BUILT_PRODUCTS_DIR; };
		1747B69D2C21A3C0009057D0 /* Gajeonggapsseo_iOSApp.swift */ = {isa = PBXFileReference; lastKnownFileType = sourcecode.swift; path = Gajeonggapsseo_iOSApp.swift; sourceTree = "<group>"; };
		1747B6A12C21A3C1009057D0 /* Assets.xcassets */ = {isa = PBXFileReference; lastKnownFileType = folder.assetcatalog; path = Assets.xcassets; sourceTree = "<group>"; };
		1747B6A42C21A3C1009057D0 /* Preview Assets.xcassets */ = {isa = PBXFileReference; lastKnownFileType = folder.assetcatalog; path = "Preview Assets.xcassets"; sourceTree = "<group>"; };
		178ED90A2C24519A00EADD6D /* MapView.swift */ = {isa = PBXFileReference; lastKnownFileType = sourcecode.swift; path = MapView.swift; sourceTree = "<group>"; };
		178ED9152C24612100EADD6D /* ApiService.swift */ = {isa = PBXFileReference; lastKnownFileType = sourcecode.swift; path = ApiService.swift; sourceTree = "<group>"; };
		178ED9172C24624E00EADD6D /* JejuResponse.swift */ = {isa = PBXFileReference; lastKnownFileType = sourcecode.swift; path = JejuResponse.swift; sourceTree = "<group>"; };
		178ED9192C24627200EADD6D /* SeogwipoResponse.swift */ = {isa = PBXFileReference; lastKnownFileType = sourcecode.swift; path = SeogwipoResponse.swift; sourceTree = "<group>"; };
		178ED91B2C2462CC00EADD6D /* DataService.swift */ = {isa = PBXFileReference; lastKnownFileType = sourcecode.swift; path = DataService.swift; sourceTree = "<group>"; };
		178ED91D2C24631B00EADD6D /* Center.swift */ = {isa = PBXFileReference; lastKnownFileType = sourcecode.swift; path = Center.swift; sourceTree = "<group>"; };
		178ED9202C24651A00EADD6D /* DataLoader.swift */ = {isa = PBXFileReference; lastKnownFileType = sourcecode.swift; path = DataLoader.swift; sourceTree = "<group>"; };
		178ED9222C2465E900EADD6D /* Info.plist */ = {isa = PBXFileReference; lastKnownFileType = text.plist; path = Info.plist; sourceTree = "<group>"; };
		178ED9252C2466BA00EADD6D /* Config.xcconfig */ = {isa = PBXFileReference; lastKnownFileType = text.xcconfig; path = Config.xcconfig; sourceTree = "<group>"; };
		178ED9262C24719600EADD6D /* MapViewRepresentable.swift */ = {isa = PBXFileReference; lastKnownFileType = sourcecode.swift; path = MapViewRepresentable.swift; sourceTree = "<group>"; };
		178ED9282C248F6600EADD6D /* SeogwipoCleanHouse.json */ = {isa = PBXFileReference; fileEncoding = 4; lastKnownFileType = text.json; path = SeogwipoCleanHouse.json; sourceTree = "<group>"; };
		17B600732C2307D600F55BCB /* LocationManager.swift */ = {isa = PBXFileReference; lastKnownFileType = sourcecode.swift; path = LocationManager.swift; sourceTree = "<group>"; };
/* End PBXFileReference section */

/* Begin PBXFrameworksBuildPhase section */
		1747B6972C21A3C0009057D0 /* Frameworks */ = {
			isa = PBXFrameworksBuildPhase;
			buildActionMask = 2147483647;
			files = (
			);
			runOnlyForDeploymentPostprocessing = 0;
		};
/* End PBXFrameworksBuildPhase section */

/* Begin PBXGroup section */
		1747B6912C21A3C0009057D0 = {
			isa = PBXGroup;
			children = (
				1747B69C2C21A3C0009057D0 /* Gajeonggapsseo-iOS */,
				1747B69B2C21A3C0009057D0 /* Products */,
			);
			sourceTree = "<group>";
		};
		1747B69B2C21A3C0009057D0 /* Products */ = {
			isa = PBXGroup;
			children = (
				1747B69A2C21A3C0009057D0 /* Gajeonggapsseo-iOS.app */,
			);
			name = Products;
			sourceTree = "<group>";
		};
		1747B69C2C21A3C0009057D0 /* Gajeonggapsseo-iOS */ = {
			isa = PBXGroup;
			children = (
				178ED9222C2465E900EADD6D /* Info.plist */,
				1747B6AE2C21A564009057D0 /* App */,
				1747B6AB2C21A54F009057D0 /* Models */,
				1747B6AC2C21A558009057D0 /* Views */,
				1747B6AD2C21A55C009057D0 /* Manager */,
				178ED91F2C2464E500EADD6D /* Service */,
				1747B6AF2C21A66F009057D0 /* Assets */,
			);
			path = "Gajeonggapsseo-iOS";
			sourceTree = "<group>";
		};
		1747B6A32C21A3C1009057D0 /* Preview Content */ = {
			isa = PBXGroup;
			children = (
				1747B6A42C21A3C1009057D0 /* Preview Assets.xcassets */,
			);
			path = "Preview Content";
			sourceTree = "<group>";
		};
		1747B6AB2C21A54F009057D0 /* Models */ = {
			isa = PBXGroup;
			children = (
				178ED90C2C245CB700EADD6D /* Response */,
				178ED91D2C24631B00EADD6D /* Center.swift */,
			);
			path = Models;
			sourceTree = "<group>";
		};
		1747B6AC2C21A558009057D0 /* Views */ = {
			isa = PBXGroup;
			children = (
				178ED90A2C24519A00EADD6D /* MapView.swift */,
				178ED9262C24719600EADD6D /* MapViewRepresentable.swift */,
			);
			path = Views;
			sourceTree = "<group>";
		};
		1747B6AD2C21A55C009057D0 /* Manager */ = {
			isa = PBXGroup;
			children = (
				17B600732C2307D600F55BCB /* LocationManager.swift */,
			);
			path = Manager;
			sourceTree = "<group>";
		};
		1747B6AE2C21A564009057D0 /* App */ = {
			isa = PBXGroup;
			children = (
				1747B69D2C21A3C0009057D0 /* Gajeonggapsseo_iOSApp.swift */,
			);
			path = App;
			sourceTree = "<group>";
		};
		1747B6AF2C21A66F009057D0 /* Assets */ = {
			isa = PBXGroup;
			children = (
				178ED9282C248F6600EADD6D /* SeogwipoCleanHouse.json */,
				1747B6A12C21A3C1009057D0 /* Assets.xcassets */,
				178ED9252C2466BA00EADD6D /* Config.xcconfig */,
				1747B6A32C21A3C1009057D0 /* Preview Content */,
			);
			path = Assets;
			sourceTree = "<group>";
		};
		178ED90C2C245CB700EADD6D /* Response */ = {
			isa = PBXGroup;
			children = (
				178ED9172C24624E00EADD6D /* JejuResponse.swift */,
				178ED9192C24627200EADD6D /* SeogwipoResponse.swift */,
			);
			path = Response;
			sourceTree = "<group>";
		};
		178ED91F2C2464E500EADD6D /* Service */ = {
			isa = PBXGroup;
			children = (
				178ED9152C24612100EADD6D /* ApiService.swift */,
				178ED91B2C2462CC00EADD6D /* DataService.swift */,
				178ED9202C24651A00EADD6D /* DataLoader.swift */,
			);
			path = Service;
			sourceTree = "<group>";
		};
/* End PBXGroup section */

/* Begin PBXNativeTarget section */
		1747B6992C21A3C0009057D0 /* Gajeonggapsseo-iOS */ = {
			isa = PBXNativeTarget;
			buildConfigurationList = 1747B6A82C21A3C1009057D0 /* Build configuration list for PBXNativeTarget "Gajeonggapsseo-iOS" */;
			buildPhases = (
				1747B6962C21A3C0009057D0 /* Sources */,
				1747B6972C21A3C0009057D0 /* Frameworks */,
				1747B6982C21A3C0009057D0 /* Resources */,
			);
			buildRules = (
			);
			dependencies = (
			);
			name = "Gajeonggapsseo-iOS";
			packageProductDependencies = (
			);
			productName = "Gajeonggapsseo-iOS";
			productReference = 1747B69A2C21A3C0009057D0 /* Gajeonggapsseo-iOS.app */;
			productType = "com.apple.product-type.application";
		};
/* End PBXNativeTarget section */

/* Begin PBXProject section */
		1747B6922C21A3C0009057D0 /* Project object */ = {
			isa = PBXProject;
			attributes = {
				BuildIndependentTargetsInParallel = 1;
				LastSwiftUpdateCheck = 1540;
				LastUpgradeCheck = 1540;
				TargetAttributes = {
					1747B6992C21A3C0009057D0 = {
						CreatedOnToolsVersion = 15.4;
					};
				};
			};
			buildConfigurationList = 1747B6952C21A3C0009057D0 /* Build configuration list for PBXProject "Gajeonggapsseo-iOS" */;
			compatibilityVersion = "Xcode 14.0";
			developmentRegion = en;
			hasScannedForEncodings = 0;
			knownRegions = (
				en,
				Base,
			);
			mainGroup = 1747B6912C21A3C0009057D0;
			packageReferences = (
			);
			productRefGroup = 1747B69B2C21A3C0009057D0 /* Products */;
			projectDirPath = "";
			projectRoot = "";
			targets = (
				1747B6992C21A3C0009057D0 /* Gajeonggapsseo-iOS */,
			);
		};
/* End PBXProject section */

/* Begin PBXResourcesBuildPhase section */
		1747B6982C21A3C0009057D0 /* Resources */ = {
			isa = PBXResourcesBuildPhase;
			buildActionMask = 2147483647;
			files = (
				1747B6A52C21A3C1009057D0 /* Preview Assets.xcassets in Resources */,
				1747B6A22C21A3C1009057D0 /* Assets.xcassets in Resources */,
				178ED9292C248F6600EADD6D /* SeogwipoCleanHouse.json in Resources */,
			);
			runOnlyForDeploymentPostprocessing = 0;
		};
/* End PBXResourcesBuildPhase section */

/* Begin PBXSourcesBuildPhase section */
		1747B6962C21A3C0009057D0 /* Sources */ = {
			isa = PBXSourcesBuildPhase;
			buildActionMask = 2147483647;
			files = (
				178ED91C2C2462CC00EADD6D /* DataService.swift in Sources */,
				178ED91A2C24627200EADD6D /* SeogwipoResponse.swift in Sources */,
				178ED9162C24612100EADD6D /* ApiService.swift in Sources */,
				178ED9272C24719600EADD6D /* MapViewRepresentable.swift in Sources */,
				178ED90B2C24519A00EADD6D /* MapView.swift in Sources */,
				1747B69E2C21A3C0009057D0 /* Gajeonggapsseo_iOSApp.swift in Sources */,
				178ED91E2C24631B00EADD6D /* Center.swift in Sources */,
				178ED9212C24651A00EADD6D /* DataLoader.swift in Sources */,
				178ED9182C24624E00EADD6D /* JejuResponse.swift in Sources */,
				17B600742C2307D600F55BCB /* LocationManager.swift in Sources */,
			);
			runOnlyForDeploymentPostprocessing = 0;
		};
/* End PBXSourcesBuildPhase section */

/* Begin XCBuildConfiguration section */
		1747B6A62C21A3C1009057D0 /* Debug */ = {
			isa = XCBuildConfiguration;
			baseConfigurationReference = 178ED9252C2466BA00EADD6D /* Config.xcconfig */;
			buildSettings = {
				ALWAYS_SEARCH_USER_PATHS = NO;
				ASSETCATALOG_COMPILER_GENERATE_SWIFT_ASSET_SYMBOL_EXTENSIONS = YES;
				CLANG_ANALYZER_NONNULL = YES;
				CLANG_ANALYZER_NUMBER_OBJECT_CONVERSION = YES_AGGRESSIVE;
				CLANG_CXX_LANGUAGE_STANDARD = "gnu++20";
				CLANG_ENABLE_MODULES = YES;
				CLANG_ENABLE_OBJC_ARC = YES;
				CLANG_ENABLE_OBJC_WEAK = YES;
				CLANG_WARN_BLOCK_CAPTURE_AUTORELEASING = YES;
				CLANG_WARN_BOOL_CONVERSION = YES;
				CLANG_WARN_COMMA = YES;
				CLANG_WARN_CONSTANT_CONVERSION = YES;
				CLANG_WARN_DEPRECATED_OBJC_IMPLEMENTATIONS = YES;
				CLANG_WARN_DIRECT_OBJC_ISA_USAGE = YES_ERROR;
				CLANG_WARN_DOCUMENTATION_COMMENTS = YES;
				CLANG_WARN_EMPTY_BODY = YES;
				CLANG_WARN_ENUM_CONVERSION = YES;
				CLANG_WARN_INFINITE_RECURSION = YES;
				CLANG_WARN_INT_CONVERSION = YES;
				CLANG_WARN_NON_LITERAL_NULL_CONVERSION = YES;
				CLANG_WARN_OBJC_IMPLICIT_RETAIN_SELF = YES;
				CLANG_WARN_OBJC_LITERAL_CONVERSION = YES;
				CLANG_WARN_OBJC_ROOT_CLASS = YES_ERROR;
				CLANG_WARN_QUOTED_INCLUDE_IN_FRAMEWORK_HEADER = YES;
				CLANG_WARN_RANGE_LOOP_ANALYSIS = YES;
				CLANG_WARN_STRICT_PROTOTYPES = YES;
				CLANG_WARN_SUSPICIOUS_MOVE = YES;
				CLANG_WARN_UNGUARDED_AVAILABILITY = YES_AGGRESSIVE;
				CLANG_WARN_UNREACHABLE_CODE = YES;
				CLANG_WARN__DUPLICATE_METHOD_MATCH = YES;
				COPY_PHASE_STRIP = NO;
				DEBUG_INFORMATION_FORMAT = dwarf;
				ENABLE_STRICT_OBJC_MSGSEND = YES;
				ENABLE_TESTABILITY = YES;
				ENABLE_USER_SCRIPT_SANDBOXING = YES;
				GCC_C_LANGUAGE_STANDARD = gnu17;
				GCC_DYNAMIC_NO_PIC = NO;
				GCC_NO_COMMON_BLOCKS = YES;
				GCC_OPTIMIZATION_LEVEL = 0;
				GCC_PREPROCESSOR_DEFINITIONS = (
					"DEBUG=1",
					"$(inherited)",
				);
				GCC_WARN_64_TO_32_BIT_CONVERSION = YES;
				GCC_WARN_ABOUT_RETURN_TYPE = YES_ERROR;
				GCC_WARN_UNDECLARED_SELECTOR = YES;
				GCC_WARN_UNINITIALIZED_AUTOS = YES_AGGRESSIVE;
				GCC_WARN_UNUSED_FUNCTION = YES;
				GCC_WARN_UNUSED_VARIABLE = YES;
				IPHONEOS_DEPLOYMENT_TARGET = 16.0;
				LOCALIZATION_PREFERS_STRING_CATALOGS = YES;
				MTL_ENABLE_DEBUG_INFO = INCLUDE_SOURCE;
				MTL_FAST_MATH = YES;
				ONLY_ACTIVE_ARCH = YES;
				SDKROOT = iphoneos;
				SWIFT_ACTIVE_COMPILATION_CONDITIONS = "DEBUG $(inherited)";
				SWIFT_OPTIMIZATION_LEVEL = "-Onone";
			};
			name = Debug;
		};
		1747B6A72C21A3C1009057D0 /* Release */ = {
			isa = XCBuildConfiguration;
			baseConfigurationReference = 178ED9252C2466BA00EADD6D /* Config.xcconfig */;
			buildSettings = {
				ALWAYS_SEARCH_USER_PATHS = NO;
				ASSETCATALOG_COMPILER_GENERATE_SWIFT_ASSET_SYMBOL_EXTENSIONS = YES;
				CLANG_ANALYZER_NONNULL = YES;
				CLANG_ANALYZER_NUMBER_OBJECT_CONVERSION = YES_AGGRESSIVE;
				CLANG_CXX_LANGUAGE_STANDARD = "gnu++20";
				CLANG_ENABLE_MODULES = YES;
				CLANG_ENABLE_OBJC_ARC = YES;
				CLANG_ENABLE_OBJC_WEAK = YES;
				CLANG_WARN_BLOCK_CAPTURE_AUTORELEASING = YES;
				CLANG_WARN_BOOL_CONVERSION = YES;
				CLANG_WARN_COMMA = YES;
				CLANG_WARN_CONSTANT_CONVERSION = YES;
				CLANG_WARN_DEPRECATED_OBJC_IMPLEMENTATIONS = YES;
				CLANG_WARN_DIRECT_OBJC_ISA_USAGE = YES_ERROR;
				CLANG_WARN_DOCUMENTATION_COMMENTS = YES;
				CLANG_WARN_EMPTY_BODY = YES;
				CLANG_WARN_ENUM_CONVERSION = YES;
				CLANG_WARN_INFINITE_RECURSION = YES;
				CLANG_WARN_INT_CONVERSION = YES;
				CLANG_WARN_NON_LITERAL_NULL_CONVERSION = YES;
				CLANG_WARN_OBJC_IMPLICIT_RETAIN_SELF = YES;
				CLANG_WARN_OBJC_LITERAL_CONVERSION = YES;
				CLANG_WARN_OBJC_ROOT_CLASS = YES_ERROR;
				CLANG_WARN_QUOTED_INCLUDE_IN_FRAMEWORK_HEADER = YES;
				CLANG_WARN_RANGE_LOOP_ANALYSIS = YES;
				CLANG_WARN_STRICT_PROTOTYPES = YES;
				CLANG_WARN_SUSPICIOUS_MOVE = YES;
				CLANG_WARN_UNGUARDED_AVAILABILITY = YES_AGGRESSIVE;
				CLANG_WARN_UNREACHABLE_CODE = YES;
				CLANG_WARN__DUPLICATE_METHOD_MATCH = YES;
				COPY_PHASE_STRIP = NO;
				DEBUG_INFORMATION_FORMAT = "dwarf-with-dsym";
				ENABLE_NS_ASSERTIONS = NO;
				ENABLE_STRICT_OBJC_MSGSEND = YES;
				ENABLE_USER_SCRIPT_SANDBOXING = YES;
				GCC_C_LANGUAGE_STANDARD = gnu17;
				GCC_NO_COMMON_BLOCKS = YES;
				GCC_WARN_64_TO_32_BIT_CONVERSION = YES;
				GCC_WARN_ABOUT_RETURN_TYPE = YES_ERROR;
				GCC_WARN_UNDECLARED_SELECTOR = YES;
				GCC_WARN_UNINITIALIZED_AUTOS = YES_AGGRESSIVE;
				GCC_WARN_UNUSED_FUNCTION = YES;
				GCC_WARN_UNUSED_VARIABLE = YES;
				IPHONEOS_DEPLOYMENT_TARGET = 16.0;
				LOCALIZATION_PREFERS_STRING_CATALOGS = YES;
				MTL_ENABLE_DEBUG_INFO = NO;
				MTL_FAST_MATH = YES;
				SDKROOT = iphoneos;
				SWIFT_COMPILATION_MODE = wholemodule;
				VALIDATE_PRODUCT = YES;
			};
			name = Release;
		};
		1747B6A92C21A3C1009057D0 /* Debug */ = {
			isa = XCBuildConfiguration;
			baseConfigurationReference = 178ED9252C2466BA00EADD6D /* Config.xcconfig */;
			buildSettings = {
				ASSETCATALOG_COMPILER_APPICON_NAME = AppIcon;
				ASSETCATALOG_COMPILER_GLOBAL_ACCENT_COLOR_NAME = AccentColor;
				CODE_SIGN_STYLE = Automatic;
				CURRENT_PROJECT_VERSION = 1;
				DEVELOPMENT_ASSET_PATHS = "\"Gajeonggapsseo-iOS/Assets/Preview Content\"";
				DEVELOPMENT_TEAM = 47PZ53ZAF2;
				ENABLE_PREVIEWS = YES;
				GENERATE_INFOPLIST_FILE = YES;
				INFOPLIST_FILE = "Gajeonggapsseo-iOS/Info.plist";
				INFOPLIST_KEY_CFBundleDisplayName = "가정갑써";
				INFOPLIST_KEY_LSApplicationCategoryType = "public.app-category.lifestyle";
				INFOPLIST_KEY_NSLocationWhenInUseUsageDescription = "위치 서비스를 켜면 근처의 센터와 배출 요청을 확인할 수 있습니다.";
				INFOPLIST_KEY_UIApplicationSceneManifest_Generation = YES;
				INFOPLIST_KEY_UIApplicationSupportsIndirectInputEvents = YES;
				INFOPLIST_KEY_UILaunchScreen_Generation = YES;
				INFOPLIST_KEY_UISupportedInterfaceOrientations = UIInterfaceOrientationPortrait;
				INFOPLIST_KEY_UISupportedInterfaceOrientations_iPad = "UIInterfaceOrientationLandscapeLeft UIInterfaceOrientationLandscapeRight UIInterfaceOrientationPortrait UIInterfaceOrientationPortraitUpsideDown";
				INFOPLIST_KEY_UIUserInterfaceStyle = Light;
				LD_RUNPATH_SEARCH_PATHS = (
					"$(inherited)",
					"@executable_path/Frameworks",
				);
				MARKETING_VERSION = 1.0;
				PRODUCT_BUNDLE_IDENTIFIER = "com.namudi.Gajeonggapsseo-iOS";
				PRODUCT_NAME = "$(TARGET_NAME)";
				SUPPORTED_PLATFORMS = "iphoneos iphonesimulator";
				SUPPORTS_MACCATALYST = NO;
				SUPPORTS_MAC_DESIGNED_FOR_IPHONE_IPAD = NO;
				SUPPORTS_XR_DESIGNED_FOR_IPHONE_IPAD = NO;
				SWIFT_EMIT_LOC_STRINGS = YES;
				SWIFT_VERSION = 5.0;
				TARGETED_DEVICE_FAMILY = 1;
			};
			name = Debug;
		};
		1747B6AA2C21A3C1009057D0 /* Release */ = {
			isa = XCBuildConfiguration;
			baseConfigurationReference = 178ED9252C2466BA00EADD6D /* Config.xcconfig */;
			buildSettings = {
				ASSETCATALOG_COMPILER_APPICON_NAME = AppIcon;
				ASSETCATALOG_COMPILER_GLOBAL_ACCENT_COLOR_NAME = AccentColor;
				CODE_SIGN_STYLE = Automatic;
				CURRENT_PROJECT_VERSION = 1;
				DEVELOPMENT_ASSET_PATHS = "\"Gajeonggapsseo-iOS/Assets/Preview Content\"";
				DEVELOPMENT_TEAM = 47PZ53ZAF2;
				ENABLE_PREVIEWS = YES;
				GENERATE_INFOPLIST_FILE = YES;
				INFOPLIST_FILE = "Gajeonggapsseo-iOS/Info.plist";
				INFOPLIST_KEY_CFBundleDisplayName = "가정갑써";
				INFOPLIST_KEY_LSApplicationCategoryType = "public.app-category.lifestyle";
				INFOPLIST_KEY_NSLocationWhenInUseUsageDescription = "위치 서비스를 켜면 근처의 센터와 배출 요청을 확인할 수 있습니다.";
				INFOPLIST_KEY_UIApplicationSceneManifest_Generation = YES;
				INFOPLIST_KEY_UIApplicationSupportsIndirectInputEvents = YES;
				INFOPLIST_KEY_UILaunchScreen_Generation = YES;
				INFOPLIST_KEY_UISupportedInterfaceOrientations = UIInterfaceOrientationPortrait;
				INFOPLIST_KEY_UISupportedInterfaceOrientations_iPad = "UIInterfaceOrientationLandscapeLeft UIInterfaceOrientationLandscapeRight UIInterfaceOrientationPortrait UIInterfaceOrientationPortraitUpsideDown";
				INFOPLIST_KEY_UIUserInterfaceStyle = Light;
				LD_RUNPATH_SEARCH_PATHS = (
					"$(inherited)",
					"@executable_path/Frameworks",
				);
				MARKETING_VERSION = 1.0;
				PRODUCT_BUNDLE_IDENTIFIER = "com.namudi.Gajeonggapsseo-iOS";
				PRODUCT_NAME = "$(TARGET_NAME)";
				SUPPORTED_PLATFORMS = "iphoneos iphonesimulator";
				SUPPORTS_MACCATALYST = NO;
				SUPPORTS_MAC_DESIGNED_FOR_IPHONE_IPAD = NO;
				SUPPORTS_XR_DESIGNED_FOR_IPHONE_IPAD = NO;
				SWIFT_EMIT_LOC_STRINGS = YES;
				SWIFT_VERSION = 5.0;
				TARGETED_DEVICE_FAMILY = 1;
			};
			name = Release;
		};
/* End XCBuildConfiguration section */

/* Begin XCConfigurationList section */
		1747B6952C21A3C0009057D0 /* Build configuration list for PBXProject "Gajeonggapsseo-iOS" */ = {
			isa = XCConfigurationList;
			buildConfigurations = (
				1747B6A62C21A3C1009057D0 /* Debug */,
				1747B6A72C21A3C1009057D0 /* Release */,
			);
			defaultConfigurationIsVisible = 0;
			defaultConfigurationName = Release;
		};
		1747B6A82C21A3C1009057D0 /* Build configuration list for PBXNativeTarget "Gajeonggapsseo-iOS" */ = {
			isa = XCConfigurationList;
			buildConfigurations = (
				1747B6A92C21A3C1009057D0 /* Debug */,
				1747B6AA2C21A3C1009057D0 /* Release */,
			);
			defaultConfigurationIsVisible = 0;
			defaultConfigurationName = Release;
		};
/* End XCConfigurationList section */
	};
	rootObject = 1747B6922C21A3C0009057D0 /* Project object */;
}
